// !$*UTF8*$!
{
	archiveVersion = 1;
	classes = {
	};
	objectVersion = 46;
	objects = {

/* Begin PBXBuildFile section */
		02B23901CA5B7A6B6F67D8C2 /* Pods_FlexibleLayoutExample.framework in Frameworks */ = {isa = PBXBuildFile; fileRef = B9607759457E8C0DE09749F8 /* Pods_FlexibleLayoutExample.framework */; };
		BB26CFFC1F195D170062749D /* AppDelegate.swift in Sources */ = {isa = PBXBuildFile; fileRef = BB26CFFB1F195D170062749D /* AppDelegate.swift */; };
		BB26CFFE1F195D170062749D /* ViewController.swift in Sources */ = {isa = PBXBuildFile; fileRef = BB26CFFD1F195D170062749D /* ViewController.swift */; };
		BB26D0011F195D170062749D /* Main.storyboard in Resources */ = {isa = PBXBuildFile; fileRef = BB26CFFF1F195D170062749D /* Main.storyboard */; };
		BB26D0031F195D170062749D /* Assets.xcassets in Resources */ = {isa = PBXBuildFile; fileRef = BB26D0021F195D170062749D /* Assets.xcassets */; };
		BB26D0061F195D170062749D /* LaunchScreen.storyboard in Resources */ = {isa = PBXBuildFile; fileRef = BB26D0041F195D170062749D /* LaunchScreen.storyboard */; };
		BB26D00E1F195EAD0062749D /* ViewInjectableViewController.swift in Sources */ = {isa = PBXBuildFile; fileRef = BB26D00D1F195EAD0062749D /* ViewInjectableViewController.swift */; };
		BB289B931F1965E5007C4232 /* VerticalDistributionView.swift in Sources */ = {isa = PBXBuildFile; fileRef = BB289B921F1965E5007C4232 /* VerticalDistributionView.swift */; };
		BBE199E81F19722A00D80A31 /* HorizontalDistributionView.swift in Sources */ = {isa = PBXBuildFile; fileRef = BBE199E71F19722A00D80A31 /* HorizontalDistributionView.swift */; };
		BBE199EA1F19770E00D80A31 /* TwoViewsCenteredHorizontallyView.swift in Sources */ = {isa = PBXBuildFile; fileRef = BBE199E91F19770E00D80A31 /* TwoViewsCenteredHorizontallyView.swift */; };
/* End PBXBuildFile section */

/* Begin PBXFileReference section */
		161AFA6A4ACB02DA8BF25409 /* Pods-FlexibleLayoutExample.debug.xcconfig */ = {isa = PBXFileReference; includeInIndex = 1; lastKnownFileType = text.xcconfig; name = "Pods-FlexibleLayoutExample.debug.xcconfig"; path = "Pods/Target Support Files/Pods-FlexibleLayoutExample/Pods-FlexibleLayoutExample.debug.xcconfig"; sourceTree = "<group>"; };
		B9607759457E8C0DE09749F8 /* Pods_FlexibleLayoutExample.framework */ = {isa = PBXFileReference; explicitFileType = wrapper.framework; includeInIndex = 0; path = Pods_FlexibleLayoutExample.framework; sourceTree = BUILT_PRODUCTS_DIR; };
		BB26CFF81F195D170062749D /* FlexibleLayoutExample.app */ = {isa = PBXFileReference; explicitFileType = wrapper.application; includeInIndex = 0; path = FlexibleLayoutExample.app; sourceTree = BUILT_PRODUCTS_DIR; };
		BB26CFFB1F195D170062749D /* AppDelegate.swift */ = {isa = PBXFileReference; lastKnownFileType = sourcecode.swift; path = AppDelegate.swift; sourceTree = "<group>"; };
		BB26CFFD1F195D170062749D /* ViewController.swift */ = {isa = PBXFileReference; lastKnownFileType = sourcecode.swift; path = ViewController.swift; sourceTree = "<group>"; };
		BB26D0001F195D170062749D /* Base */ = {isa = PBXFileReference; lastKnownFileType = file.storyboard; name = Base; path = Base.lproj/Main.storyboard; sourceTree = "<group>"; };
		BB26D0021F195D170062749D /* Assets.xcassets */ = {isa = PBXFileReference; lastKnownFileType = folder.assetcatalog; path = Assets.xcassets; sourceTree = "<group>"; };
		BB26D0051F195D170062749D /* Base */ = {isa = PBXFileReference; lastKnownFileType = file.storyboard; name = Base; path = Base.lproj/LaunchScreen.storyboard; sourceTree = "<group>"; };
		BB26D0071F195D170062749D /* Info.plist */ = {isa = PBXFileReference; lastKnownFileType = text.plist.xml; path = Info.plist; sourceTree = "<group>"; };
		BB26D00D1F195EAD0062749D /* ViewInjectableViewController.swift */ = {isa = PBXFileReference; fileEncoding = 4; lastKnownFileType = sourcecode.swift; path = ViewInjectableViewController.swift; sourceTree = "<group>"; };
		BB289B921F1965E5007C4232 /* VerticalDistributionView.swift */ = {isa = PBXFileReference; fileEncoding = 4; lastKnownFileType = sourcecode.swift; path = VerticalDistributionView.swift; sourceTree = "<group>"; };
		BBE199E71F19722A00D80A31 /* HorizontalDistributionView.swift */ = {isa = PBXFileReference; fileEncoding = 4; lastKnownFileType = sourcecode.swift; path = HorizontalDistributionView.swift; sourceTree = "<group>"; };
		BBE199E91F19770E00D80A31 /* TwoViewsCenteredHorizontallyView.swift */ = {isa = PBXFileReference; fileEncoding = 4; lastKnownFileType = sourcecode.swift; path = TwoViewsCenteredHorizontallyView.swift; sourceTree = "<group>"; };
		EBC4940B711C242701FAFB23 /* Pods-FlexibleLayoutExample.release.xcconfig */ = {isa = PBXFileReference; includeInIndex = 1; lastKnownFileType = text.xcconfig; name = "Pods-FlexibleLayoutExample.release.xcconfig"; path = "Pods/Target Support Files/Pods-FlexibleLayoutExample/Pods-FlexibleLayoutExample.release.xcconfig"; sourceTree = "<group>"; };
/* End PBXFileReference section */

/* Begin PBXFrameworksBuildPhase section */
		BB26CFF51F195D170062749D /* Frameworks */ = {
			isa = PBXFrameworksBuildPhase;
			buildActionMask = 2147483647;
			files = (
				02B23901CA5B7A6B6F67D8C2 /* Pods_FlexibleLayoutExample.framework in Frameworks */,
			);
			runOnlyForDeploymentPostprocessing = 0;
		};
/* End PBXFrameworksBuildPhase section */

/* Begin PBXGroup section */
		0B666112CBF5B939376E0047 /* Frameworks */ = {
			isa = PBXGroup;
			children = (
				B9607759457E8C0DE09749F8 /* Pods_FlexibleLayoutExample.framework */,
			);
			name = Frameworks;
			sourceTree = "<group>";
		};
		3892BA0FCF5A651A792F93F4 /* Pods */ = {
			isa = PBXGroup;
			children = (
				161AFA6A4ACB02DA8BF25409 /* Pods-FlexibleLayoutExample.debug.xcconfig */,
				EBC4940B711C242701FAFB23 /* Pods-FlexibleLayoutExample.release.xcconfig */,
			);
			name = Pods;
			sourceTree = "<group>";
		};
		BB26CFEF1F195D170062749D = {
			isa = PBXGroup;
			children = (
				BB26CFFA1F195D170062749D /* FlexibleLayoutExample */,
				BB26CFF91F195D170062749D /* Products */,
				3892BA0FCF5A651A792F93F4 /* Pods */,
				0B666112CBF5B939376E0047 /* Frameworks */,
			);
			sourceTree = "<group>";
		};
		BB26CFF91F195D170062749D /* Products */ = {
			isa = PBXGroup;
			children = (
				BB26CFF81F195D170062749D /* FlexibleLayoutExample.app */,
			);
			name = Products;
			sourceTree = "<group>";
		};
		BB26CFFA1F195D170062749D /* FlexibleLayoutExample */ = {
			isa = PBXGroup;
			children = (
				BB26D00F1F19604B0062749D /* ViewExamples */,
				BB26CFFB1F195D170062749D /* AppDelegate.swift */,
				BB26CFFD1F195D170062749D /* ViewController.swift */,
				BB26CFFF1F195D170062749D /* Main.storyboard */,
				BB26D0021F195D170062749D /* Assets.xcassets */,
				BB26D0041F195D170062749D /* LaunchScreen.storyboard */,
				BB26D0071F195D170062749D /* Info.plist */,
				BB26D00D1F195EAD0062749D /* ViewInjectableViewController.swift */,
			);
			path = FlexibleLayoutExample;
			sourceTree = "<group>";
		};
		BB26D00F1F19604B0062749D /* ViewExamples */ = {
			isa = PBXGroup;
			children = (
				BB289B921F1965E5007C4232 /* VerticalDistributionView.swift */,
				BBE199E71F19722A00D80A31 /* HorizontalDistributionView.swift */,
				BBE199E91F19770E00D80A31 /* TwoViewsCenteredHorizontallyView.swift */,
			);
			name = ViewExamples;
			sourceTree = "<group>";
		};
/* End PBXGroup section */

/* Begin PBXNativeTarget section */
		BB26CFF71F195D170062749D /* FlexibleLayoutExample */ = {
			isa = PBXNativeTarget;
			buildConfigurationList = BB26D00A1F195D170062749D /* Build configuration list for PBXNativeTarget "FlexibleLayoutExample" */;
			buildPhases = (
				9B44A9D19BCA839BA2EB4627 /* [CP] Check Pods Manifest.lock */,
				BB26CFF41F195D170062749D /* Sources */,
				BB26CFF51F195D170062749D /* Frameworks */,
				BB26CFF61F195D170062749D /* Resources */,
				5281C7E9F7D7193E46673EEE /* [CP] Embed Pods Frameworks */,
				8D8AE2A23714C72FD8775B85 /* [CP] Copy Pods Resources */,
			);
			buildRules = (
			);
			dependencies = (
			);
			name = FlexibleLayoutExample;
			productName = FlexibleLayoutExample;
			productReference = BB26CFF81F195D170062749D /* FlexibleLayoutExample.app */;
			productType = "com.apple.product-type.application";
		};
/* End PBXNativeTarget section */

/* Begin PBXProject section */
		BB26CFF01F195D170062749D /* Project object */ = {
			isa = PBXProject;
			attributes = {
				LastSwiftUpdateCheck = 0830;
				LastUpgradeCheck = 0830;
				ORGANIZATIONNAME = Harasim;
				TargetAttributes = {
					BB26CFF71F195D170062749D = {
						CreatedOnToolsVersion = 8.3.2;
						DevelopmentTeam = 96TQV7B5LD;
						ProvisioningStyle = Automatic;
					};
				};
			};
			buildConfigurationList = BB26CFF31F195D170062749D /* Build configuration list for PBXProject "FlexibleLayoutExample" */;
			compatibilityVersion = "Xcode 3.2";
			developmentRegion = English;
			hasScannedForEncodings = 0;
			knownRegions = (
				en,
				Base,
			);
			mainGroup = BB26CFEF1F195D170062749D;
			productRefGroup = BB26CFF91F195D170062749D /* Products */;
			projectDirPath = "";
			projectRoot = "";
			targets = (
				BB26CFF71F195D170062749D /* FlexibleLayoutExample */,
			);
		};
/* End PBXProject section */

/* Begin PBXResourcesBuildPhase section */
		BB26CFF61F195D170062749D /* Resources */ = {
			isa = PBXResourcesBuildPhase;
			buildActionMask = 2147483647;
			files = (
				BB26D0061F195D170062749D /* LaunchScreen.storyboard in Resources */,
				BB26D0031F195D170062749D /* Assets.xcassets in Resources */,
				BB26D0011F195D170062749D /* Main.storyboard in Resources */,
			);
			runOnlyForDeploymentPostprocessing = 0;
		};
/* End PBXResourcesBuildPhase section */

/* Begin PBXShellScriptBuildPhase section */
		5281C7E9F7D7193E46673EEE /* [CP] Embed Pods Frameworks */ = {
			isa = PBXShellScriptBuildPhase;
			buildActionMask = 2147483647;
			files = (
			);
			inputPaths = (
			);
			name = "[CP] Embed Pods Frameworks";
			outputPaths = (
			);
			runOnlyForDeploymentPostprocessing = 0;
			shellPath = /bin/sh;
			shellScript = "\"${SRCROOT}/Pods/Target Support Files/Pods-FlexibleLayoutExample/Pods-FlexibleLayoutExample-frameworks.sh\"\n";
			showEnvVarsInLog = 0;
		};
		8D8AE2A23714C72FD8775B85 /* [CP] Copy Pods Resources */ = {
			isa = PBXShellScriptBuildPhase;
			buildActionMask = 2147483647;
			files = (
			);
			inputPaths = (
			);
			name = "[CP] Copy Pods Resources";
			outputPaths = (
			);
			runOnlyForDeploymentPostprocessing = 0;
			shellPath = /bin/sh;
			shellScript = "\"${SRCROOT}/Pods/Target Support Files/Pods-FlexibleLayoutExample/Pods-FlexibleLayoutExample-resources.sh\"\n";
			showEnvVarsInLog = 0;
		};
		9B44A9D19BCA839BA2EB4627 /* [CP] Check Pods Manifest.lock */ = {
			isa = PBXShellScriptBuildPhase;
			buildActionMask = 2147483647;
			files = (
			);
			inputPaths = (
			);
			name = "[CP] Check Pods Manifest.lock";
			outputPaths = (
			);
			runOnlyForDeploymentPostprocessing = 0;
			shellPath = /bin/sh;
			shellScript = "diff \"${PODS_PODFILE_DIR_PATH}/Podfile.lock\" \"${PODS_ROOT}/Manifest.lock\" > /dev/null\nif [ $? != 0 ] ; then\n    # print error to STDERR\n    echo \"error: The sandbox is not in sync with the Podfile.lock. Run 'pod install' or update your CocoaPods installation.\" >&2\n    exit 1\nfi\n";
			showEnvVarsInLog = 0;
		};
/* End PBXShellScriptBuildPhase section */

/* Begin PBXSourcesBuildPhase section */
		BB26CFF41F195D170062749D /* Sources */ = {
			isa = PBXSourcesBuildPhase;
			buildActionMask = 2147483647;
			files = (
				BB26D00E1F195EAD0062749D /* ViewInjectableViewController.swift in Sources */,
				BBE199EA1F19770E00D80A31 /* TwoViewsCenteredHorizontallyView.swift in Sources */,
				BBE199E81F19722A00D80A31 /* HorizontalDistributionView.swift in Sources */,
				BB26CFFE1F195D170062749D /* ViewController.swift in Sources */,
				BB289B931F1965E5007C4232 /* VerticalDistributionView.swift in Sources */,
				BB26CFFC1F195D170062749D /* AppDelegate.swift in Sources */,
			);
			runOnlyForDeploymentPostprocessing = 0;
		};
/* End PBXSourcesBuildPhase section */

/* Begin PBXVariantGroup section */
		BB26CFFF1F195D170062749D /* Main.storyboard */ = {
			isa = PBXVariantGroup;
			children = (
				BB26D0001F195D170062749D /* Base */,
			);
			name = Main.storyboard;
			sourceTree = "<group>";
		};
		BB26D0041F195D170062749D /* LaunchScreen.storyboard */ = {
			isa = PBXVariantGroup;
			children = (
				BB26D0051F195D170062749D /* Base */,
			);
			name = LaunchScreen.storyboard;
			sourceTree = "<group>";
		};
/* End PBXVariantGroup section */

/* Begin XCBuildConfiguration section */
		BB26D0081F195D170062749D /* Debug */ = {
			isa = XCBuildConfiguration;
			buildSettings = {
				ALWAYS_SEARCH_USER_PATHS = NO;
				CLANG_ANALYZER_NONNULL = YES;
				CLANG_ANALYZER_NUMBER_OBJECT_CONVERSION = YES_AGGRESSIVE;
				CLANG_CXX_LANGUAGE_STANDARD = "gnu++0x";
				CLANG_CXX_LIBRARY = "libc++";
				CLANG_ENABLE_MODULES = YES;
				CLANG_ENABLE_OBJC_ARC = YES;
				CLANG_WARN_BOOL_CONVERSION = YES;
				CLANG_WARN_CONSTANT_CONVERSION = YES;
				CLANG_WARN_DIRECT_OBJC_ISA_USAGE = YES_ERROR;
				CLANG_WARN_DOCUMENTATION_COMMENTS = YES;
				CLANG_WARN_EMPTY_BODY = YES;
				CLANG_WARN_ENUM_CONVERSION = YES;
				CLANG_WARN_INFINITE_RECURSION = YES;
				CLANG_WARN_INT_CONVERSION = YES;
				CLANG_WARN_OBJC_ROOT_CLASS = YES_ERROR;
				CLANG_WARN_SUSPICIOUS_MOVE = YES;
				CLANG_WARN_UNREACHABLE_CODE = YES;
				CLANG_WARN__DUPLICATE_METHOD_MATCH = YES;
				"CODE_SIGN_IDENTITY[sdk=iphoneos*]" = "iPhone Developer";
				COPY_PHASE_STRIP = NO;
				DEBUG_INFORMATION_FORMAT = dwarf;
				ENABLE_STRICT_OBJC_MSGSEND = YES;
				ENABLE_TESTABILITY = YES;
				GCC_C_LANGUAGE_STANDARD = gnu99;
				GCC_DYNAMIC_NO_PIC = NO;
				GCC_NO_COMMON_BLOCKS = YES;
				GCC_OPTIMIZATION_LEVEL = 0;
				GCC_PREPROCESSOR_DEFINITIONS = (
					"DEBUG=1",
					"$(inherited)",
				);
				GCC_WARN_64_TO_32_BIT_CONVERSION = YES;
				GCC_WARN_ABOUT_RETURN_TYPE = YES_ERROR;
				GCC_WARN_UNDECLARED_SELECTOR = YES;
				GCC_WARN_UNINITIALIZED_AUTOS = YES_AGGRESSIVE;
				GCC_WARN_UNUSED_FUNCTION = YES;
				GCC_WARN_UNUSED_VARIABLE = YES;
				IPHONEOS_DEPLOYMENT_TARGET = 10.3;
				MTL_ENABLE_DEBUG_INFO = YES;
				ONLY_ACTIVE_ARCH = YES;
				SDKROOT = iphoneos;
				SWIFT_ACTIVE_COMPILATION_CONDITIONS = DEBUG;
				SWIFT_OPTIMIZATION_LEVEL = "-Onone";
				TARGETED_DEVICE_FAMILY = "1,2";
			};
			name = Debug;
		};
		BB26D0091F195D170062749D /* Release */ = {
			isa = XCBuildConfiguration;
			buildSettings = {
				ALWAYS_SEARCH_USER_PATHS = NO;
				CLANG_ANALYZER_NONNULL = YES;
				CLANG_ANALYZER_NUMBER_OBJECT_CONVERSION = YES_AGGRESSIVE;
				CLANG_CXX_LANGUAGE_STANDARD = "gnu++0x";
				CLANG_CXX_LIBRARY = "libc++";
				CLANG_ENABLE_MODULES = YES;
				CLANG_ENABLE_OBJC_ARC = YES;
				CLANG_WARN_BOOL_CONVERSION = YES;
				CLANG_WARN_CONSTANT_CONVERSION = YES;
				CLANG_WARN_DIRECT_OBJC_ISA_USAGE = YES_ERROR;
				CLANG_WARN_DOCUMENTATION_COMMENTS = YES;
				CLANG_WARN_EMPTY_BODY = YES;
				CLANG_WARN_ENUM_CONVERSION = YES;
				CLANG_WARN_INFINITE_RECURSION = YES;
				CLANG_WARN_INT_CONVERSION = YES;
				CLANG_WARN_OBJC_ROOT_CLASS = YES_ERROR;
				CLANG_WARN_SUSPICIOUS_MOVE = YES;
				CLANG_WARN_UNREACHABLE_CODE = YES;
				CLANG_WARN__DUPLICATE_METHOD_MATCH = YES;
				"CODE_SIGN_IDENTITY[sdk=iphoneos*]" = "iPhone Developer";
				COPY_PHASE_STRIP = NO;
				DEBUG_INFORMATION_FORMAT = "dwarf-with-dsym";
				ENABLE_NS_ASSERTIONS = NO;
				ENABLE_STRICT_OBJC_MSGSEND = YES;
				GCC_C_LANGUAGE_STANDARD = gnu99;
				GCC_NO_COMMON_BLOCKS = YES;
				GCC_WARN_64_TO_32_BIT_CONVERSION = YES;
				GCC_WARN_ABOUT_RETURN_TYPE = YES_ERROR;
				GCC_WARN_UNDECLARED_SELECTOR = YES;
				GCC_WARN_UNINITIALIZED_AUTOS = YES_AGGRESSIVE;
				GCC_WARN_UNUSED_FUNCTION = YES;
				GCC_WARN_UNUSED_VARIABLE = YES;
				IPHONEOS_DEPLOYMENT_TARGET = 10.3;
				MTL_ENABLE_DEBUG_INFO = NO;
				SDKROOT = iphoneos;
				SWIFT_OPTIMIZATION_LEVEL = "-Owholemodule";
				TARGETED_DEVICE_FAMILY = "1,2";
				VALIDATE_PRODUCT = YES;
			};
			name = Release;
		};
		BB26D00B1F195D170062749D /* Debug */ = {
			isa = XCBuildConfiguration;
			baseConfigurationReference = 161AFA6A4ACB02DA8BF25409 /* Pods-FlexibleLayoutExample.debug.xcconfig */;
			buildSettings = {
				ASSETCATALOG_COMPILER_APPICON_NAME = AppIcon;
				DEVELOPMENT_TEAM = 96TQV7B5LD;
				INFOPLIST_FILE = FlexibleLayoutExample/Info.plist;
				LD_RUNPATH_SEARCH_PATHS = "$(inherited) @executable_path/Frameworks";
				PRODUCT_BUNDLE_IDENTIFIER = com.harasim.FlexibleLayoutExample;
				PRODUCT_NAME = "$(TARGET_NAME)";
				SWIFT_VERSION = 3.0;
			};
			name = Debug;
		};
		BB26D00C1F195D170062749D /* Release */ = {
			isa = XCBuildConfiguration;
			baseConfigurationReference = EBC4940B711C242701FAFB23 /* Pods-FlexibleLayoutExample.release.xcconfig */;
			buildSettings = {
				ASSETCATALOG_COMPILER_APPICON_NAME = AppIcon;
				DEVELOPMENT_TEAM = 96TQV7B5LD;
				INFOPLIST_FILE = FlexibleLayoutExample/Info.plist;
				LD_RUNPATH_SEARCH_PATHS = "$(inherited) @executable_path/Frameworks";
				PRODUCT_BUNDLE_IDENTIFIER = com.harasim.FlexibleLayoutExample;
				PRODUCT_NAME = "$(TARGET_NAME)";
				SWIFT_VERSION = 3.0;
			};
			name = Release;
		};
/* End XCBuildConfiguration section */

/* Begin XCConfigurationList section */
		BB26CFF31F195D170062749D /* Build configuration list for PBXProject "FlexibleLayoutExample" */ = {
			isa = XCConfigurationList;
			buildConfigurations = (
				BB26D0081F195D170062749D /* Debug */,
				BB26D0091F195D170062749D /* Release */,
			);
			defaultConfigurationIsVisible = 0;
			defaultConfigurationName = Release;
		};
		BB26D00A1F195D170062749D /* Build configuration list for PBXNativeTarget "FlexibleLayoutExample" */ = {
			isa = XCConfigurationList;
			buildConfigurations = (
				BB26D00B1F195D170062749D /* Debug */,
				BB26D00C1F195D170062749D /* Release */,
			);
			defaultConfigurationIsVisible = 0;
			defaultConfigurationName = Release;
		};
/* End XCConfigurationList section */
	};
	rootObject = BB26CFF01F195D170062749D /* Project object */;
}
